// !$*UTF8*$!
{
	archiveVersion = 1;
	classes = {
	};
	objectVersion = 56;
	objects = {

/* Begin PBXBuildFile section */
		DS1000000000000000000001 /* DivineStillnessApp.swift in Sources */ = {isa = PBXBuildFile; fileRef = DS0000000000000000000001 /* DivineStillnessApp.swift */; };
		DS1000000000000000000002 /* AppState.swift in Sources */ = {isa = PBXBuildFile; fileRef = DS0000000000000000000002 /* AppState.swift */; };
		DS1000000000000000000003 /* RootView.swift in Sources */ = {isa = PBXBuildFile; fileRef = DS0000000000000000000003 /* RootView.swift */; };
		DS1000000000000000000004 /* DevotionalContent.swift in Sources */ = {isa = PBXBuildFile; fileRef = DS0000000000000000000004 /* DevotionalContent.swift */; };
		DS1000000000000000000005 /* ContentCatalog.swift in Sources */ = {isa = PBXBuildFile; fileRef = DS0000000000000000000005 /* ContentCatalog.swift */; };
		DS1000000000000000000006 /* AppTheme.swift in Sources */ = {isa = PBXBuildFile; fileRef = DS0000000000000000000006 /* AppTheme.swift */; };
		DS1000000000000000000007 /* StoreManager.swift in Sources */ = {isa = PBXBuildFile; fileRef = DS0000000000000000000007 /* StoreManager.swift */; };
		DS1000000000000000000008 /* NotificationManager.swift in Sources */ = {isa = PBXBuildFile; fileRef = DS0000000000000000000008 /* NotificationManager.swift */; };
		DS1000000000000000000009 /* WallpaperLibrary.swift in Sources */ = {isa = PBXBuildFile; fileRef = DS0000000000000000000009 /* WallpaperLibrary.swift */; };
		DS1000000000000000000015 /* AudioManager.swift in Sources */ = {isa = PBXBuildFile; fileRef = DS0000000000000000000019 /* AudioManager.swift */; };
		DS100000000000000000000A /* SharedComponents.swift in Sources */ = {isa = PBXBuildFile; fileRef = DS000000000000000000000A /* SharedComponents.swift */; };
		DS100000000000000000000B /* OnboardingView.swift in Sources */ = {isa = PBXBuildFile; fileRef = DS000000000000000000000B /* OnboardingView.swift */; };
		DS100000000000000000000C /* HomeView.swift in Sources */ = {isa = PBXBuildFile; fileRef = DS000000000000000000000C /* HomeView.swift */; };
		DS100000000000000000000D /* LibraryView.swift in Sources */ = {isa = PBXBuildFile; fileRef = DS000000000000000000000D /* LibraryView.swift */; };
		DS100000000000000000000E /* DarshanDetailView.swift in Sources */ = {isa = PBXBuildFile; fileRef = DS000000000000000000000E /* DarshanDetailView.swift */; };
		DS100000000000000000000F /* JapaView.swift in Sources */ = {isa = PBXBuildFile; fileRef = DS000000000000000000000F /* JapaView.swift */; };
		DS1000000000000000000010 /* PaywallView.swift in Sources */ = {isa = PBXBuildFile; fileRef = DS0000000000000000000010 /* PaywallView.swift */; };
		DS1000000000000000000011 /* SettingsView.swift in Sources */ = {isa = PBXBuildFile; fileRef = DS0000000000000000000011 /* SettingsView.swift */; };
		DS1000000000000000000012 /* Assets.xcassets in Resources */ = {isa = PBXBuildFile; fileRef = DS0000000000000000000012 /* Assets.xcassets */; };
		DS1000000000000000000013 /* PrivacyInfo.xcprivacy in Resources */ = {isa = PBXBuildFile; fileRef = DS0000000000000000000013 /* PrivacyInfo.xcprivacy */; };
		DS1000000000000000000014 /* ContentCatalogTests.swift in Sources */ = {isa = PBXBuildFile; fileRef = DS0000000000000000000017 /* ContentCatalogTests.swift */; };
/* End PBXBuildFile section */

/* Begin PBXFileReference section */
		DS0000000000000000000001 /* DivineStillnessApp.swift */ = {isa = PBXFileReference; lastKnownFileType = sourcecode.swift; path = App/DivineStillnessApp.swift; sourceTree = "<group>"; };
		DS0000000000000000000002 /* AppState.swift */ = {isa = PBXFileReference; lastKnownFileType = sourcecode.swift; path = App/AppState.swift; sourceTree = "<group>"; };
		DS0000000000000000000003 /* RootView.swift */ = {isa = PBXFileReference; lastKnownFileType = sourcecode.swift; path = App/RootView.swift; sourceTree = "<group>"; };
		DS0000000000000000000004 /* DevotionalContent.swift */ = {isa = PBXFileReference; lastKnownFileType = sourcecode.swift; path = Models/DevotionalContent.swift; sourceTree = "<group>"; };
		DS0000000000000000000005 /* ContentCatalog.swift */ = {isa = PBXFileReference; lastKnownFileType = sourcecode.swift; path = Data/ContentCatalog.swift; sourceTree = "<group>"; };
		DS0000000000000000000006 /* AppTheme.swift */ = {isa = PBXFileReference; lastKnownFileType = sourcecode.swift; path = Design/AppTheme.swift; sourceTree = "<group>"; };
		DS0000000000000000000007 /* StoreManager.swift */ = {isa = PBXFileReference; lastKnownFileType = sourcecode.swift; path = Services/StoreManager.swift; sourceTree = "<group>"; };
		DS0000000000000000000008 /* NotificationManager.swift */ = {isa = PBXFileReference; lastKnownFileType = sourcecode.swift; path = Services/NotificationManager.swift; sourceTree = "<group>"; };
		DS0000000000000000000009 /* WallpaperLibrary.swift */ = {isa = PBXFileReference; lastKnownFileType = sourcecode.swift; path = Services/WallpaperLibrary.swift; sourceTree = "<group>"; };
		DS0000000000000000000019 /* AudioManager.swift */ = {isa = PBXFileReference; lastKnownFileType = sourcecode.swift; path = Services/AudioManager.swift; sourceTree = "<group>"; };
		DS000000000000000000000A /* SharedComponents.swift */ = {isa = PBXFileReference; lastKnownFileType = sourcecode.swift; path = Components/SharedComponents.swift; sourceTree = "<group>"; };
		DS000000000000000000000B /* OnboardingView.swift */ = {isa = PBXFileReference; lastKnownFileType = sourcecode.swift; path = Features/Onboarding/OnboardingView.swift; sourceTree = "<group>"; };
		DS000000000000000000000C /* HomeView.swift */ = {isa = PBXFileReference; lastKnownFileType = sourcecode.swift; path = Features/Home/HomeView.swift; sourceTree = "<group>"; };
		DS000000000000000000000D /* LibraryView.swift */ = {isa = PBXFileReference; lastKnownFileType = sourcecode.swift; path = Features/Library/LibraryView.swift; sourceTree = "<group>"; };
		DS000000000000000000000E /* DarshanDetailView.swift */ = {isa = PBXFileReference; lastKnownFileType = sourcecode.swift; path = Features/Library/DarshanDetailView.swift; sourceTree = "<group>"; };
		DS000000000000000000000F /* JapaView.swift */ = {isa = PBXFileReference; lastKnownFileType = sourcecode.swift; path = Features/Japa/JapaView.swift; sourceTree = "<group>"; };
		DS0000000000000000000010 /* PaywallView.swift */ = {isa = PBXFileReference; lastKnownFileType = sourcecode.swift; path = Features/Subscription/PaywallView.swift; sourceTree = "<group>"; };
		DS0000000000000000000011 /* SettingsView.swift */ = {isa = PBXFileReference; lastKnownFileType = sourcecode.swift; path = Features/Settings/SettingsView.swift; sourceTree = "<group>"; };
		DS0000000000000000000012 /* Assets.xcassets */ = {isa = PBXFileReference; lastKnownFileType = folder.assetcatalog; path = Resources/Assets.xcassets; sourceTree = "<group>"; };
		DS0000000000000000000013 /* PrivacyInfo.xcprivacy */ = {isa = PBXFileReference; lastKnownFileType = text.xml; path = PrivacyInfo.xcprivacy; sourceTree = "<group>"; };
		DS0000000000000000000014 /* Info.plist */ = {isa = PBXFileReference; lastKnownFileType = text.plist.xml; path = Info.plist; sourceTree = "<group>"; };
		DS0000000000000000000015 /* Subscriptions.storekit */ = {isa = PBXFileReference; lastKnownFileType = text; path = Resources/Subscriptions.storekit; sourceTree = "<group>"; };
		DS0000000000000000000016 /* DivineStillness.app */ = {isa = PBXFileReference; explicitFileType = wrapper.application; includeInIndex = 0; path = DivineStillness.app; sourceTree = BUILT_PRODUCTS_DIR; };
		DS0000000000000000000017 /* ContentCatalogTests.swift */ = {isa = PBXFileReference; lastKnownFileType = sourcecode.swift; path = ContentCatalogTests.swift; sourceTree = "<group>"; };
		DS0000000000000000000018 /* DivineStillnessTests.xctest */ = {isa = PBXFileReference; explicitFileType = wrapper.cfbundle; includeInIndex = 0; path = DivineStillnessTests.xctest; sourceTree = BUILT_PRODUCTS_DIR; };
/* End PBXFileReference section */

/* Begin PBXContainerItemProxy section */
		DSA000000000000000000001 = {
			isa = PBXContainerItemProxy;
			containerPortal = DS7000000000000000000001 /* Project object */;
			proxyType = 1;
			remoteGlobalIDString = DS4000000000000000000001;
			remoteInfo = DivineStillness;
		};
/* End PBXContainerItemProxy section */

/* Begin PBXFrameworksBuildPhase section */
		DS2000000000000000000001 /* Frameworks */ = {
			isa = PBXFrameworksBuildPhase;
			buildActionMask = 2147483647;
			files = (
			);
			runOnlyForDeploymentPostprocessing = 0;
		};
		DS2000000000000000000002 /* Frameworks */ = {
			isa = PBXFrameworksBuildPhase;
			buildActionMask = 2147483647;
			files = (
			);
			runOnlyForDeploymentPostprocessing = 0;
		};
/* End PBXFrameworksBuildPhase section */

/* Begin PBXGroup section */
		DS3000000000000000000001 = {
			isa = PBXGroup;
			children = (
				DS3000000000000000000002 /* DivineStillness */,
				DS3000000000000000000004 /* DivineStillnessTests */,
				DS3000000000000000000003 /* Products */,
			);
			sourceTree = "<group>";
		};
		DS3000000000000000000002 /* DivineStillness */ = {
			isa = PBXGroup;
			children = (
				DS0000000000000000000001 /* DivineStillnessApp.swift */,
				DS0000000000000000000002 /* AppState.swift */,
				DS0000000000000000000003 /* RootView.swift */,
				DS0000000000000000000004 /* DevotionalContent.swift */,
				DS0000000000000000000005 /* ContentCatalog.swift */,
				DS0000000000000000000006 /* AppTheme.swift */,
				DS0000000000000000000007 /* StoreManager.swift */,
				DS0000000000000000000008 /* NotificationManager.swift */,
				DS0000000000000000000009 /* WallpaperLibrary.swift */,
				DS0000000000000000000019 /* AudioManager.swift */,
				DS000000000000000000000A /* SharedComponents.swift */,
				DS000000000000000000000B /* OnboardingView.swift */,
				DS000000000000000000000C /* HomeView.swift */,
				DS000000000000000000000D /* LibraryView.swift */,
				DS000000000000000000000E /* DarshanDetailView.swift */,
				DS000000000000000000000F /* JapaView.swift */,
				DS0000000000000000000010 /* PaywallView.swift */,
				DS0000000000000000000011 /* SettingsView.swift */,
				DS0000000000000000000012 /* Assets.xcassets */,
				DS0000000000000000000013 /* PrivacyInfo.xcprivacy */,
				DS0000000000000000000014 /* Info.plist */,
				DS0000000000000000000015 /* Subscriptions.storekit */,
			);
			path = DivineStillness;
			sourceTree = "<group>";
		};
		DS3000000000000000000003 /* Products */ = {
			isa = PBXGroup;
			children = (
				DS0000000000000000000016 /* DivineStillness.app */,
				DS0000000000000000000018 /* DivineStillnessTests.xctest */,
			);
			name = Products;
			sourceTree = "<group>";
		};
		DS3000000000000000000004 /* DivineStillnessTests */ = {
			isa = PBXGroup;
			children = (
				DS0000000000000000000017 /* ContentCatalogTests.swift */,
			);
			path = DivineStillnessTests;
			sourceTree = "<group>";
		};
/* End PBXGroup section */

/* Begin PBXNativeTarget section */
		DS4000000000000000000001 /* DivineStillness */ = {
			isa = PBXNativeTarget;
			buildConfigurationList = DS8000000000000000000002 /* Build configuration list for PBXNativeTarget "DivineStillness" */;
			buildPhases = (
				DS5000000000000000000001 /* Sources */,
				DS2000000000000000000001 /* Frameworks */,
				DS6000000000000000000001 /* Resources */,
			);
			buildRules = (
			);
			dependencies = (
			);
			name = DivineStillness;
			productName = DivineStillness;
			productReference = DS0000000000000000000016 /* DivineStillness.app */;
			productType = "com.apple.product-type.application";
		};
		DS4000000000000000000002 /* DivineStillnessTests */ = {
			isa = PBXNativeTarget;
			buildConfigurationList = DS8000000000000000000003 /* Build configuration list for PBXNativeTarget "DivineStillnessTests" */;
			buildPhases = (
				DS5000000000000000000002 /* Sources */,
				DS2000000000000000000002 /* Frameworks */,
				DS6000000000000000000002 /* Resources */,
			);
			buildRules = (
			);
			dependencies = (
				DSB000000000000000000001 /* PBXTargetDependency */,
			);
			name = DivineStillnessTests;
			productName = DivineStillnessTests;
			productReference = DS0000000000000000000018 /* DivineStillnessTests.xctest */;
			productType = "com.apple.product-type.bundle.unit-test";
		};
/* End PBXNativeTarget section */

/* Begin PBXProject section */
		DS7000000000000000000001 /* Project object */ = {
			isa = PBXProject;
			attributes = {
				BuildIndependentTargetsInParallel = 1;
				LastSwiftUpdateCheck = 2650;
				LastUpgradeCheck = 2650;
				TargetAttributes = {
					DS4000000000000000000001 = {
						CreatedOnToolsVersion = 26.5;
					};
					DS4000000000000000000002 = {
						CreatedOnToolsVersion = 26.5;
						TestTargetID = DS4000000000000000000001;
					};
				};
			};
			buildConfigurationList = DS8000000000000000000001 /* Build configuration list for PBXProject "DivineStillness" */;
			compatibilityVersion = "Xcode 14.0";
			developmentRegion = en;
			hasScannedForEncodings = 0;
			knownRegions = (
				en,
				Base,
			);
			mainGroup = DS3000000000000000000001;
			productRefGroup = DS3000000000000000000003 /* Products */;
			projectDirPath = "";
			projectRoot = "";
			targets = (
				DS4000000000000000000001 /* DivineStillness */,
				DS4000000000000000000002 /* DivineStillnessTests */,
			);
		};
/* End PBXProject section */

/* Begin PBXResourcesBuildPhase section */
		DS6000000000000000000001 /* Resources */ = {
			isa = PBXResourcesBuildPhase;
			buildActionMask = 2147483647;
			files = (
				DS1000000000000000000012 /* Assets.xcassets in Resources */,
				DS1000000000000000000013 /* PrivacyInfo.xcprivacy in Resources */,
			);
			runOnlyForDeploymentPostprocessing = 0;
		};
		DS6000000000000000000002 /* Resources */ = {
			isa = PBXResourcesBuildPhase;
			buildActionMask = 2147483647;
			files = (
			);
			runOnlyForDeploymentPostprocessing = 0;
		};
/* End PBXResourcesBuildPhase section */

/* Begin PBXSourcesBuildPhase section */
		DS5000000000000000000001 /* Sources */ = {
			isa = PBXSourcesBuildPhase;
			buildActionMask = 2147483647;
			files = (
				DS1000000000000000000001 /* DivineStillnessApp.swift in Sources */,
				DS1000000000000000000002 /* AppState.swift in Sources */,
				DS1000000000000000000003 /* RootView.swift in Sources */,
				DS1000000000000000000004 /* DevotionalContent.swift in Sources */,
				DS1000000000000000000005 /* ContentCatalog.swift in Sources */,
				DS1000000000000000000006 /* AppTheme.swift in Sources */,
				DS1000000000000000000007 /* StoreManager.swift in Sources */,
				DS1000000000000000000008 /* NotificationManager.swift in Sources */,
				DS1000000000000000000009 /* WallpaperLibrary.swift in Sources */,
				DS1000000000000000000015 /* AudioManager.swift in Sources */,
				DS100000000000000000000A /* SharedComponents.swift in Sources */,
				DS100000000000000000000B /* OnboardingView.swift in Sources */,
				DS100000000000000000000C /* HomeView.swift in Sources */,
				DS100000000000000000000D /* LibraryView.swift in Sources */,
				DS100000000000000000000E /* DarshanDetailView.swift in Sources */,
				DS100000000000000000000F /* JapaView.swift in Sources */,
				DS1000000000000000000010 /* PaywallView.swift in Sources */,
				DS1000000000000000000011 /* SettingsView.swift in Sources */,
			);
			runOnlyForDeploymentPostprocessing = 0;
		};
		DS5000000000000000000002 /* Sources */ = {
			isa = PBXSourcesBuildPhase;
			buildActionMask = 2147483647;
			files = (
				DS1000000000000000000014 /* ContentCatalogTests.swift in Sources */,
			);
			runOnlyForDeploymentPostprocessing = 0;
		};
/* End PBXSourcesBuildPhase section */

/* Begin PBXTargetDependency section */
		DSB000000000000000000001 /* PBXTargetDependency */ = {
			isa = PBXTargetDependency;
			target = DS4000000000000000000001 /* DivineStillness */;
			targetProxy = DSA000000000000000000001;
		};
/* End PBXTargetDependency section */

/* Begin XCBuildConfiguration section */
		DS9000000000000000000001 /* Debug */ = {
			isa = XCBuildConfiguration;
			buildSettings = {
				ALWAYS_SEARCH_USER_PATHS = NO;
				CLANG_ANALYZER_NONNULL = YES;
				CLANG_ANALYZER_NUMBER_OBJECT_CONVERSION = YES_AGGRESSIVE;
				CLANG_CXX_LANGUAGE_STANDARD = "gnu++20";
				CLANG_ENABLE_MODULES = YES;
				CLANG_ENABLE_OBJC_ARC = YES;
				CLANG_WARN_BLOCK_CAPTURE_AUTORELEASING = YES;
				CLANG_WARN_BOOL_CONVERSION = YES;
				CLANG_WARN_COMMA = YES;
				CLANG_WARN_CONSTANT_CONVERSION = YES;
				CLANG_WARN_DEPRECATED_OBJC_IMPLEMENTATIONS = YES;
				CLANG_WARN_DOCUMENTATION_COMMENTS = YES;
				CLANG_WARN_EMPTY_BODY = YES;
				CLANG_WARN_ENUM_CONVERSION = YES;
				CLANG_WARN_INFINITE_RECURSION = YES;
				CLANG_WARN_INT_CONVERSION = YES;
				CLANG_WARN_NON_LITERAL_NULL_CONVERSION = YES;
				CLANG_WARN_OBJC_IMPLICIT_RETAIN_SELF = YES;
				CLANG_WARN_OBJC_LITERAL_CONVERSION = YES;
				CLANG_WARN_OBJC_ROOT_CLASS = YES_ERROR;
				CLANG_WARN_QUOTED_INCLUDE_IN_FRAMEWORK_HEADER = YES;
				CLANG_WARN_RANGE_LOOP_ANALYSIS = YES;
				CLANG_WARN_STRICT_PROTOTYPES = YES;
				CLANG_WARN_SUSPICIOUS_MOVE = YES;
				CLANG_WARN_UNGUARDED_AVAILABILITY = YES_AGGRESSIVE;
				CLANG_WARN_UNREACHABLE_CODE = YES;
				COPY_PHASE_STRIP = NO;
				DEBUG_INFORMATION_FORMAT = dwarf;
				ENABLE_STRICT_OBJC_MSGSEND = YES;
				ENABLE_TESTABILITY = YES;
				ENABLE_USER_SCRIPT_SANDBOXING = YES;
				GCC_C_LANGUAGE_STANDARD = gnu17;
				GCC_NO_COMMON_BLOCKS = YES;
				GCC_OPTIMIZATION_LEVEL = 0;
				GCC_PREPROCESSOR_DEFINITIONS = (
					"DEBUG=1",
					"$(inherited)",
				);
				GCC_WARN_64_TO_32_BIT_CONVERSION = YES;
				GCC_WARN_ABOUT_RETURN_TYPE = YES_ERROR;
				GCC_WARN_UNDECLARED_SELECTOR = YES;
				GCC_WARN_UNINITIALIZED_AUTOS = YES_AGGRESSIVE;
				GCC_WARN_UNUSED_FUNCTION = YES;
				GCC_WARN_UNUSED_VARIABLE = YES;
				IPHONEOS_DEPLOYMENT_TARGET = 17.0;
				MTL_ENABLE_DEBUG_INFO = INCLUDE_SOURCE;
				MTL_FAST_MATH = YES;
				ONLY_ACTIVE_ARCH = NO;
				SDKROOT = iphoneos;
				SWIFT_ACTIVE_COMPILATION_CONDITIONS = DEBUG;
			};
			name = Debug;
		};
		DS9000000000000000000002 /* Release */ = {
			isa = XCBuildConfiguration;
			buildSettings = {
				ALWAYS_SEARCH_USER_PATHS = NO;
				CLANG_ANALYZER_NONNULL = YES;
				CLANG_ANALYZER_NUMBER_OBJECT_CONVERSION = YES_AGGRESSIVE;
				CLANG_CXX_LANGUAGE_STANDARD = "gnu++20";
				CLANG_ENABLE_MODULES = YES;
				CLANG_ENABLE_OBJC_ARC = YES;
				CLANG_WARN_BOOL_CONVERSION = YES;
				CLANG_WARN_COMMA = YES;
				CLANG_WARN_CONSTANT_CONVERSION = YES;
				CLANG_WARN_DEPRECATED_OBJC_IMPLEMENTATIONS = YES;
				CLANG_WARN_DOCUMENTATION_COMMENTS = YES;
				CLANG_WARN_EMPTY_BODY = YES;
				CLANG_WARN_ENUM_CONVERSION = YES;
				CLANG_WARN_INFINITE_RECURSION = YES;
				CLANG_WARN_INT_CONVERSION = YES;
				CLANG_WARN_NON_LITERAL_NULL_CONVERSION = YES;
				CLANG_WARN_OBJC_IMPLICIT_RETAIN_SELF = YES;
				CLANG_WARN_OBJC_LITERAL_CONVERSION = YES;
				CLANG_WARN_OBJC_ROOT_CLASS = YES_ERROR;
				CLANG_WARN_QUOTED_INCLUDE_IN_FRAMEWORK_HEADER = YES;
				CLANG_WARN_RANGE_LOOP_ANALYSIS = YES;
				CLANG_WARN_STRICT_PROTOTYPES = YES;
				CLANG_WARN_SUSPICIOUS_MOVE = YES;
				CLANG_WARN_UNGUARDED_AVAILABILITY = YES_AGGRESSIVE;
				CLANG_WARN_UNREACHABLE_CODE = YES;
				COPY_PHASE_STRIP = NO;
				DEBUG_INFORMATION_FORMAT = "dwarf-with-dsym";
				ENABLE_NS_ASSERTIONS = NO;
				ENABLE_STRICT_OBJC_MSGSEND = YES;
				ENABLE_USER_SCRIPT_SANDBOXING = YES;
				GCC_C_LANGUAGE_STANDARD = gnu17;
				GCC_NO_COMMON_BLOCKS = YES;
				GCC_WARN_64_TO_32_BIT_CONVERSION = YES;
				GCC_WARN_ABOUT_RETURN_TYPE = YES_ERROR;
				GCC_WARN_UNDECLARED_SELECTOR = YES;
				GCC_WARN_UNINITIALIZED_AUTOS = YES_AGGRESSIVE;
				GCC_WARN_UNUSED_FUNCTION = YES;
				GCC_WARN_UNUSED_VARIABLE = YES;
				IPHONEOS_DEPLOYMENT_TARGET = 17.0;
				MTL_ENABLE_DEBUG_INFO = NO;
				MTL_FAST_MATH = YES;
				SDKROOT = iphoneos;
				SWIFT_COMPILATION_MODE = wholemodule;
				VALIDATE_PRODUCT = YES;
			};
			name = Release;
		};
		DS9000000000000000000003 /* Debug */ = {
			isa = XCBuildConfiguration;
			buildSettings = {
				ASSETCATALOG_COMPILER_APPICON_NAME = AppIcon;
				ASSETCATALOG_COMPILER_GLOBAL_ACCENT_COLOR_NAME = AccentColor;
				CODE_SIGN_STYLE = Automatic;
				CURRENT_PROJECT_VERSION = 1;
				DEVELOPMENT_TEAM = 45QWJVLL5D;
				GENERATE_INFOPLIST_FILE = NO;
				INFOPLIST_FILE = DivineStillness/Info.plist;
				IPHONEOS_DEPLOYMENT_TARGET = 17.0;
				LD_RUNPATH_SEARCH_PATHS = (
					"$(inherited)",
					"@executable_path/Frameworks",
				);
				MARKETING_VERSION = 1.0;
				PRODUCT_BUNDLE_IDENTIFIER = in.bhaktiangan.app;
				PRODUCT_NAME = "$(TARGET_NAME)";
				SUPPORTED_PLATFORMS = "iphoneos iphonesimulator";
				SUPPORTS_MACCATALYST = NO;
				SUPPORTS_MAC_DESIGNED_FOR_IPHONE_IPAD = NO;
				SUPPORTS_XR_DESIGNED_FOR_IPHONE_IPAD = NO;
				SWIFT_EMIT_LOC_STRINGS = YES;
				SWIFT_STRICT_CONCURRENCY = minimal;
				SWIFT_VERSION = 5.0;
				TARGETED_DEVICE_FAMILY = 1;
			};
			name = Debug;
		};
		DS9000000000000000000004 /* Release */ = {
			isa = XCBuildConfiguration;
			buildSettings = {
				ASSETCATALOG_COMPILER_APPICON_NAME = AppIcon;
				ASSETCATALOG_COMPILER_GLOBAL_ACCENT_COLOR_NAME = AccentColor;
				CODE_SIGN_STYLE = Automatic;
				CURRENT_PROJECT_VERSION = 1;
				DEVELOPMENT_TEAM = 45QWJVLL5D;
				GENERATE_INFOPLIST_FILE = NO;
				INFOPLIST_FILE = DivineStillness/Info.plist;
				IPHONEOS_DEPLOYMENT_TARGET = 17.0;
				LD_RUNPATH_SEARCH_PATHS = (
					"$(inherited)",
					"@executable_path/Frameworks",
				);
				MARKETING_VERSION = 1.0;
				PRODUCT_BUNDLE_IDENTIFIER = in.bhaktiangan.app;
				PRODUCT_NAME = "$(TARGET_NAME)";
				SUPPORTED_PLATFORMS = "iphoneos iphonesimulator";
				SUPPORTS_MACCATALYST = NO;
				SUPPORTS_MAC_DESIGNED_FOR_IPHONE_IPAD = NO;
				SUPPORTS_XR_DESIGNED_FOR_IPHONE_IPAD = NO;
				SWIFT_EMIT_LOC_STRINGS = YES;
				SWIFT_STRICT_CONCURRENCY = minimal;
				SWIFT_VERSION = 5.0;
				TARGETED_DEVICE_FAMILY = 1;
			};
			name = Release;
		};
		DS9000000000000000000005 /* Debug */ = {
			isa = XCBuildConfiguration;
			buildSettings = {
				BUNDLE_LOADER = "$(TEST_HOST)";
				CODE_SIGN_STYLE = Automatic;
				CURRENT_PROJECT_VERSION = 1;
				DEVELOPMENT_TEAM = 45QWJVLL5D;
				GENERATE_INFOPLIST_FILE = YES;
				IPHONEOS_DEPLOYMENT_TARGET = 17.0;
				MARKETING_VERSION = 1.0;
				PRODUCT_BUNDLE_IDENTIFIER = in.bhaktiangan.app.tests;
				PRODUCT_NAME = "$(TARGET_NAME)";
				SWIFT_STRICT_CONCURRENCY = minimal;
				SWIFT_VERSION = 5.0;
				TARGETED_DEVICE_FAMILY = 1;
				TEST_HOST = "$(BUILT_PRODUCTS_DIR)/DivineStillness.app/$(BUNDLE_EXECUTABLE_FOLDER_PATH)/DivineStillness";
			};
			name = Debug;
		};
		DS9000000000000000000006 /* Release */ = {
			isa = XCBuildConfiguration;
			buildSettings = {
				BUNDLE_LOADER = "$(TEST_HOST)";
				CODE_SIGN_STYLE = Automatic;
				CURRENT_PROJECT_VERSION = 1;
				DEVELOPMENT_TEAM = 45QWJVLL5D;
				GENERATE_INFOPLIST_FILE = YES;
				IPHONEOS_DEPLOYMENT_TARGET = 17.0;
				MARKETING_VERSION = 1.0;
				PRODUCT_BUNDLE_IDENTIFIER = in.bhaktiangan.app.tests;
				PRODUCT_NAME = "$(TARGET_NAME)";
				SWIFT_STRICT_CONCURRENCY = minimal;
				SWIFT_VERSION = 5.0;
				TARGETED_DEVICE_FAMILY = 1;
				TEST_HOST = "$(BUILT_PRODUCTS_DIR)/DivineStillness.app/$(BUNDLE_EXECUTABLE_FOLDER_PATH)/DivineStillness";
			};
			name = Release;
		};
/* End XCBuildConfiguration section */

/* Begin XCConfigurationList section */
		DS8000000000000000000001 /* Build configuration list for PBXProject "DivineStillness" */ = {
			isa = XCConfigurationList;
			buildConfigurations = (
				DS9000000000000000000001 /* Debug */,
				DS9000000000000000000002 /* Release */,
			);
			defaultConfigurationIsVisible = 0;
			defaultConfigurationName = Release;
		};
		DS8000000000000000000002 /* Build configuration list for PBXNativeTarget "DivineStillness" */ = {
			isa = XCConfigurationList;
			buildConfigurations = (
				DS9000000000000000000003 /* Debug */,
				DS9000000000000000000004 /* Release */,
			);
			defaultConfigurationIsVisible = 0;
			defaultConfigurationName = Release;
		};
		DS8000000000000000000003 /* Build configuration list for PBXNativeTarget "DivineStillnessTests" */ = {
			isa = XCConfigurationList;
			buildConfigurations = (
				DS9000000000000000000005 /* Debug */,
				DS9000000000000000000006 /* Release */,
			);
			defaultConfigurationIsVisible = 0;
			defaultConfigurationName = Release;
		};
/* End XCConfigurationList section */
	};
	rootObject = DS7000000000000000000001 /* Project object */;
}
