// !$*UTF8*$!
{
	archiveVersion = 1;
	classes = {
	};
	objectVersion = 56;
	objects = {

/* Begin PBXBuildFile section */
		0B0000012D0C000100000001 /* FerryApp.swift in Sources */ = {isa = PBXBuildFile; fileRef = 0B0000012D0C000000000001 /* FerryApp.swift */; };
		0B0000012D0C000100000002 /* ContentView.swift in Sources */ = {isa = PBXBuildFile; fileRef = 0B0000012D0C000000000002 /* ContentView.swift */; };
		0B0000012D0C000100000003 /* TransferViewModel.swift in Sources */ = {isa = PBXBuildFile; fileRef = 0B0000012D0C000000000003 /* TransferViewModel.swift */; };
		0B0000012D0C000100000004 /* PhotoLibraryBridge.swift in Sources */ = {isa = PBXBuildFile; fileRef = 0B0000012D0C000000000004 /* PhotoLibraryBridge.swift */; };
		0B0000012D0C000100000005 /* PhotoTransferServer.swift in Sources */ = {isa = PBXBuildFile; fileRef = 0B0000012D0C000000000005 /* PhotoTransferServer.swift */; };
		0B0000012D0C000100000006 /* NetworkInterface.swift in Sources */ = {isa = PBXBuildFile; fileRef = 0B0000012D0C000000000006 /* NetworkInterface.swift */; };
		0B0000012D0C000100000007 /* PrivacyInfo.xcprivacy in Resources */ = {isa = PBXBuildFile; fileRef = 0B0000012D0C000000000008 /* PrivacyInfo.xcprivacy */; };
		0B0000012D0C00010000000E /* Assets.xcassets in Resources */ = {isa = PBXBuildFile; fileRef = 0B0000012D0C000000000007 /* Assets.xcassets */; };
		0B0000012D0C000100000008 /* Photos.framework in Frameworks */ = {isa = PBXBuildFile; fileRef = 0B0000012D0C00000000000C /* Photos.framework */; };
		0B0000012D0C000100000009 /* PhotosUI.framework in Frameworks */ = {isa = PBXBuildFile; fileRef = 0B0000012D0C00000000000D /* PhotosUI.framework */; };
		0B0000012D0C00010000000A /* Network.framework in Frameworks */ = {isa = PBXBuildFile; fileRef = 0B0000012D0C00000000000E /* Network.framework */; };
		0B0000012D0C00010000000B /* ImageIO.framework in Frameworks */ = {isa = PBXBuildFile; fileRef = 0B0000012D0C00000000000F /* ImageIO.framework */; };
		0B0000012D0C00010000000C /* CoreLocation.framework in Frameworks */ = {isa = PBXBuildFile; fileRef = 0B0000012D0C000000000010 /* CoreLocation.framework */; };
		0B0000012D0C00010000000D /* AVFoundation.framework in Frameworks */ = {isa = PBXBuildFile; fileRef = 0B0000012D0C000000000011 /* AVFoundation.framework */; };
/* End PBXBuildFile section */

/* Begin PBXFileReference section */
		0B0000012D0C000000000001 /* FerryApp.swift */ = {isa = PBXFileReference; lastKnownFileType = sourcecode.swift; path = FerryApp.swift; sourceTree = "<group>"; };
		0B0000012D0C000000000002 /* ContentView.swift */ = {isa = PBXFileReference; lastKnownFileType = sourcecode.swift; path = ContentView.swift; sourceTree = "<group>"; };
		0B0000012D0C000000000003 /* TransferViewModel.swift */ = {isa = PBXFileReference; lastKnownFileType = sourcecode.swift; path = TransferViewModel.swift; sourceTree = "<group>"; };
		0B0000012D0C000000000004 /* PhotoLibraryBridge.swift */ = {isa = PBXFileReference; lastKnownFileType = sourcecode.swift; path = PhotoLibraryBridge.swift; sourceTree = "<group>"; };
		0B0000012D0C000000000005 /* PhotoTransferServer.swift */ = {isa = PBXFileReference; lastKnownFileType = sourcecode.swift; path = PhotoTransferServer.swift; sourceTree = "<group>"; };
		0B0000012D0C000000000006 /* NetworkInterface.swift */ = {isa = PBXFileReference; lastKnownFileType = sourcecode.swift; path = NetworkInterface.swift; sourceTree = "<group>"; };
		0B0000012D0C000000000007 /* Assets.xcassets */ = {isa = PBXFileReference; lastKnownFileType = folder.assetcatalog; path = Assets.xcassets; sourceTree = "<group>"; };
		0B0000012D0C000000000008 /* PrivacyInfo.xcprivacy */ = {isa = PBXFileReference; lastKnownFileType = text.xml; path = PrivacyInfo.xcprivacy; sourceTree = "<group>"; };
		0B0000012D0C000000000009 /* Info.plist */ = {isa = PBXFileReference; lastKnownFileType = text.plist.xml; path = Info.plist; sourceTree = "<group>"; };
		0B0000012D0C00000000000A /* Ferry.app */ = {isa = PBXFileReference; explicitFileType = wrapper.application; includeInIndex = 0; path = Ferry.app; sourceTree = BUILT_PRODUCTS_DIR; };
		0B0000012D0C00000000000C /* Photos.framework */ = {isa = PBXFileReference; lastKnownFileType = wrapper.framework; name = Photos.framework; path = System/Library/Frameworks/Photos.framework; sourceTree = SDKROOT; };
		0B0000012D0C00000000000D /* PhotosUI.framework */ = {isa = PBXFileReference; lastKnownFileType = wrapper.framework; name = PhotosUI.framework; path = System/Library/Frameworks/PhotosUI.framework; sourceTree = SDKROOT; };
		0B0000012D0C00000000000E /* Network.framework */ = {isa = PBXFileReference; lastKnownFileType = wrapper.framework; name = Network.framework; path = System/Library/Frameworks/Network.framework; sourceTree = SDKROOT; };
		0B0000012D0C00000000000F /* ImageIO.framework */ = {isa = PBXFileReference; lastKnownFileType = wrapper.framework; name = ImageIO.framework; path = System/Library/Frameworks/ImageIO.framework; sourceTree = SDKROOT; };
		0B0000012D0C000000000010 /* CoreLocation.framework */ = {isa = PBXFileReference; lastKnownFileType = wrapper.framework; name = CoreLocation.framework; path = System/Library/Frameworks/CoreLocation.framework; sourceTree = SDKROOT; };
		0B0000012D0C000000000011 /* AVFoundation.framework */ = {isa = PBXFileReference; lastKnownFileType = wrapper.framework; name = AVFoundation.framework; path = System/Library/Frameworks/AVFoundation.framework; sourceTree = SDKROOT; };
/* End PBXFileReference section */

/* Begin PBXFrameworksBuildPhase section */
		0B0000012D0C000200000001 /* Frameworks */ = {
			isa = PBXFrameworksBuildPhase;
			buildActionMask = 2147483647;
			files = (
				0B0000012D0C000100000008 /* Photos.framework in Frameworks */,
				0B0000012D0C000100000009 /* PhotosUI.framework in Frameworks */,
				0B0000012D0C00010000000A /* Network.framework in Frameworks */,
				0B0000012D0C00010000000B /* ImageIO.framework in Frameworks */,
				0B0000012D0C00010000000C /* CoreLocation.framework in Frameworks */,
				0B0000012D0C00010000000D /* AVFoundation.framework in Frameworks */,
			);
			runOnlyForDeploymentPostprocessing = 0;
		};
/* End PBXFrameworksBuildPhase section */

/* Begin PBXGroup section */
		0B0000012D0C000300000001 = {
			isa = PBXGroup;
			children = (
				0B0000012D0C000300000002 /* Ferry */,
				0B0000012D0C000300000003 /* Frameworks */,
				0B0000012D0C000300000004 /* Products */,
			);
			sourceTree = "<group>";
		};
		0B0000012D0C000300000002 /* Ferry */ = {
			isa = PBXGroup;
			children = (
				0B0000012D0C000000000001 /* FerryApp.swift */,
				0B0000012D0C000000000002 /* ContentView.swift */,
				0B0000012D0C000000000003 /* TransferViewModel.swift */,
				0B0000012D0C000000000004 /* PhotoLibraryBridge.swift */,
				0B0000012D0C000000000005 /* PhotoTransferServer.swift */,
				0B0000012D0C000000000006 /* NetworkInterface.swift */,
				0B0000012D0C000000000007 /* Assets.xcassets */,
				0B0000012D0C000000000008 /* PrivacyInfo.xcprivacy */,
				0B0000012D0C000000000009 /* Info.plist */,
			);
			path = Ferry;
			sourceTree = "<group>";
		};
		0B0000012D0C000300000003 /* Frameworks */ = {
			isa = PBXGroup;
			children = (
				0B0000012D0C000000000010 /* CoreLocation.framework */,
				0B0000012D0C000000000011 /* AVFoundation.framework */,
				0B0000012D0C00000000000F /* ImageIO.framework */,
				0B0000012D0C00000000000E /* Network.framework */,
				0B0000012D0C00000000000D /* PhotosUI.framework */,
				0B0000012D0C00000000000C /* Photos.framework */,
			);
			name = Frameworks;
			sourceTree = "<group>";
		};
		0B0000012D0C000300000004 /* Products */ = {
			isa = PBXGroup;
			children = (
				0B0000012D0C00000000000A /* Ferry.app */,
			);
			name = Products;
			sourceTree = "<group>";
		};
/* End PBXGroup section */

/* Begin PBXNativeTarget section */
		0B0000012D0C000400000001 /* Ferry */ = {
			isa = PBXNativeTarget;
			buildConfigurationList = 0B0000012D0C000800000002 /* Build configuration list for PBXNativeTarget "Ferry" */;
			buildPhases = (
				0B0000012D0C000500000001 /* Sources */,
				0B0000012D0C000200000001 /* Frameworks */,
				0B0000012D0C000600000001 /* Resources */,
			);
			buildRules = (
			);
			dependencies = (
			);
			name = Ferry;
			productName = Ferry;
			productReference = 0B0000012D0C00000000000A /* Ferry.app */;
			productType = "com.apple.product-type.application";
		};
/* End PBXNativeTarget section */

/* Begin PBXProject section */
		0B0000012D0C000700000001 /* Project object */ = {
			isa = PBXProject;
			attributes = {
				BuildIndependentTargetsInParallel = 1;
				LastSwiftUpdateCheck = 2650;
				LastUpgradeCheck = 2650;
				TargetAttributes = {
					0B0000012D0C000400000001 = {
						CreatedOnToolsVersion = 26.5;
					};
				};
			};
			buildConfigurationList = 0B0000012D0C000800000001 /* Build configuration list for PBXProject "Ferry" */;
			compatibilityVersion = "Xcode 14.0";
			developmentRegion = en;
			hasScannedForEncodings = 0;
			knownRegions = (
				en,
				Base,
			);
			mainGroup = 0B0000012D0C000300000001;
			productRefGroup = 0B0000012D0C000300000004 /* Products */;
			projectDirPath = "";
			projectRoot = "";
			targets = (
				0B0000012D0C000400000001 /* Ferry */,
			);
		};
/* End PBXProject section */

/* Begin PBXResourcesBuildPhase section */
		0B0000012D0C000600000001 /* Resources */ = {
			isa = PBXResourcesBuildPhase;
			buildActionMask = 2147483647;
			files = (
				0B0000012D0C000100000007 /* PrivacyInfo.xcprivacy in Resources */,
				0B0000012D0C00010000000E /* Assets.xcassets in Resources */,
			);
			runOnlyForDeploymentPostprocessing = 0;
		};
/* End PBXResourcesBuildPhase section */

/* Begin PBXSourcesBuildPhase section */
		0B0000012D0C000500000001 /* Sources */ = {
			isa = PBXSourcesBuildPhase;
			buildActionMask = 2147483647;
			files = (
				0B0000012D0C000100000001 /* FerryApp.swift in Sources */,
				0B0000012D0C000100000002 /* ContentView.swift in Sources */,
				0B0000012D0C000100000003 /* TransferViewModel.swift in Sources */,
				0B0000012D0C000100000004 /* PhotoLibraryBridge.swift in Sources */,
				0B0000012D0C000100000005 /* PhotoTransferServer.swift in Sources */,
				0B0000012D0C000100000006 /* NetworkInterface.swift in Sources */,
			);
			runOnlyForDeploymentPostprocessing = 0;
		};
/* End PBXSourcesBuildPhase section */

/* Begin XCBuildConfiguration section */
		0B0000012D0C000900000001 /* Debug */ = {
			isa = XCBuildConfiguration;
			buildSettings = {
				ALWAYS_SEARCH_USER_PATHS = NO;
				CLANG_ANALYZER_NONNULL = YES;
				CLANG_ANALYZER_NUMBER_OBJECT_CONVERSION = YES_AGGRESSIVE;
				CLANG_CXX_LANGUAGE_STANDARD = "gnu++20";
				CLANG_ENABLE_MODULES = YES;
				CLANG_ENABLE_OBJC_ARC = YES;
				CLANG_ENABLE_OBJC_WEAK = YES;
				CLANG_WARN_BLOCK_CAPTURE_AUTORELEASING = YES;
				CLANG_WARN_BOOL_CONVERSION = YES;
				CLANG_WARN_COMMA = YES;
				CLANG_WARN_CONSTANT_CONVERSION = YES;
				CLANG_WARN_DEPRECATED_OBJC_IMPLEMENTATIONS = YES;
				CLANG_WARN_DIRECT_OBJC_IMPLEMENTATIONS = YES_ERROR;
				CLANG_WARN_DOCUMENTATION_COMMENTS = YES;
				CLANG_WARN_EMPTY_BODY = YES;
				CLANG_WARN_ENUM_CONVERSION = YES;
				CLANG_WARN_INFINITE_RECURSION = YES;
				CLANG_WARN_INT_CONVERSION = YES;
				CLANG_WARN_NON_LITERAL_NULL_CONVERSION = YES;
				CLANG_WARN_OBJC_IMPLICIT_RETAIN_SELF = YES;
				CLANG_WARN_OBJC_LITERAL_CONVERSION = YES;
				CLANG_WARN_OBJC_ROOT_CLASS = YES_ERROR;
				CLANG_WARN_QUOTED_INCLUDE_IN_FRAMEWORK_HEADER = YES;
				CLANG_WARN_RANGE_LOOP_ANALYSIS = YES;
				CLANG_WARN_STRICT_PROTOTYPES = YES;
				CLANG_WARN_SUSPICIOUS_MOVE = YES;
				CLANG_WARN_UNGUARDED_AVAILABILITY = YES_AGGRESSIVE;
				CLANG_WARN_UNREACHABLE_CODE = YES;
				CLANG_WARN__DUPLICATE_METHOD_MATCH = YES;
				COPY_PHASE_STRIP = NO;
				DEBUG_INFORMATION_FORMAT = dwarf;
				ENABLE_STRICT_OBJC_MSGSEND = YES;
				ENABLE_TESTABILITY = YES;
				ENABLE_USER_SCRIPT_SANDBOXING = YES;
				GCC_C_LANGUAGE_STANDARD = gnu17;
				GCC_DYNAMIC_NO_PIC = NO;
				GCC_NO_COMMON_BLOCKS = YES;
				GCC_OPTIMIZATION_LEVEL = 0;
				GCC_PREPROCESSOR_DEFINITIONS = (
					"DEBUG=1",
					"$(inherited)",
				);
				GCC_WARN_64_TO_32_BIT_CONVERSION = YES;
				GCC_WARN_ABOUT_RETURN_TYPE = YES_ERROR;
				GCC_WARN_UNDECLARED_SELECTOR = YES;
				GCC_WARN_UNINITIALIZED_AUTOS = YES_AGGRESSIVE;
				GCC_WARN_UNUSED_FUNCTION = YES;
				GCC_WARN_UNUSED_VARIABLE = YES;
				IPHONEOS_DEPLOYMENT_TARGET = 17.0;
				MTL_ENABLE_DEBUG_INFO = INCLUDE_SOURCE;
				MTL_FAST_MATH = YES;
				ONLY_ACTIVE_ARCH = NO;
				SDKROOT = iphoneos;
				SWIFT_ACTIVE_COMPILATION_CONDITIONS = DEBUG;
			};
			name = Debug;
		};
		0B0000012D0C000900000002 /* Release */ = {
			isa = XCBuildConfiguration;
			buildSettings = {
				ALWAYS_SEARCH_USER_PATHS = NO;
				CLANG_ANALYZER_NONNULL = YES;
				CLANG_ANALYZER_NUMBER_OBJECT_CONVERSION = YES_AGGRESSIVE;
				CLANG_CXX_LANGUAGE_STANDARD = "gnu++20";
				CLANG_ENABLE_MODULES = YES;
				CLANG_ENABLE_OBJC_ARC = YES;
				CLANG_ENABLE_OBJC_WEAK = YES;
				CLANG_WARN_BLOCK_CAPTURE_AUTORELEASING = YES;
				CLANG_WARN_BOOL_CONVERSION = YES;
				CLANG_WARN_COMMA = YES;
				CLANG_WARN_CONSTANT_CONVERSION = YES;
				CLANG_WARN_DEPRECATED_OBJC_IMPLEMENTATIONS = YES;
				CLANG_WARN_DIRECT_OBJC_IMPLEMENTATIONS = YES_ERROR;
				CLANG_WARN_DOCUMENTATION_COMMENTS = YES;
				CLANG_WARN_EMPTY_BODY = YES;
				CLANG_WARN_ENUM_CONVERSION = YES;
				CLANG_WARN_INFINITE_RECURSION = YES;
				CLANG_WARN_INT_CONVERSION = YES;
				CLANG_WARN_NON_LITERAL_NULL_CONVERSION = YES;
				CLANG_WARN_OBJC_IMPLICIT_RETAIN_SELF = YES;
				CLANG_WARN_OBJC_LITERAL_CONVERSION = YES;
				CLANG_WARN_OBJC_ROOT_CLASS = YES_ERROR;
				CLANG_WARN_QUOTED_INCLUDE_FRAMEWORK_HEADER = YES;
				CLANG_WARN_RANGE_LOOP_ANALYSIS = YES;
				CLANG_WARN_STRICT_PROTOTYPES = YES;
				CLANG_WARN_SUSPICIOUS_MOVE = YES;
				CLANG_WARN_UNGUARDED_AVAILABILITY = YES_AGGRESSIVE;
				CLANG_WARN_UNREACHABLE_CODE = YES;
				CLANG_WARN__DUPLICATE_METHOD_MATCH = YES;
				COPY_PHASE_STRIP = NO;
				DEBUG_INFORMATION_FORMAT = "dwarf-with-dsym";
				ENABLE_NS_ASSERTIONS = NO;
				ENABLE_STRICT_OBJC_MSGSEND = YES;
				ENABLE_USER_SCRIPT_SANDBOXING = YES;
				GCC_C_LANGUAGE_STANDARD = gnu17;
				GCC_NO_COMMON_BLOCKS = YES;
				GCC_WARN_64_TO_32_BIT_CONVERSION = YES;
				GCC_WARN_ABOUT_RETURN_TYPE = YES_ERROR;
				GCC_WARN_UNDECLARED_SELECTOR = YES;
				GCC_WARN_UNINITIALIZED_AUTOS = YES_AGGRESSIVE;
				GCC_WARN_UNUSED_FUNCTION = YES;
				GCC_WARN_UNUSED_VARIABLE = YES;
				IPHONEOS_DEPLOYMENT_TARGET = 17.0;
				MTL_ENABLE_DEBUG_INFO = NO;
				MTL_FAST_MATH = YES;
				SDKROOT = iphoneos;
				SWIFT_COMPILATION_MODE = wholemodule;
				VALIDATE_PRODUCT = YES;
			};
			name = Release;
		};
		0B0000012D0C000900000003 /* Debug */ = {
			isa = XCBuildConfiguration;
			buildSettings = {
				ASSETCATALOG_COMPILER_APPICON_NAME = AppIcon;
				CODE_SIGN_STYLE = Automatic;
				CURRENT_PROJECT_VERSION = 1;
				DEVELOPMENT_ASSET_PATHS = "";
				DEVELOPMENT_TEAM = 45QWJVLL5D;
				GENERATE_INFOPLIST_FILE = NO;
				INFOPLIST_FILE = Ferry/Info.plist;
				IPHONEOS_DEPLOYMENT_TARGET = 17.0;
				LD_RUNPATH_SEARCH_PATHS = (
					"$(inherited)",
					"@executable_path/Frameworks",
				);
				MARKETING_VERSION = 1.0;
				PRODUCT_BUNDLE_IDENTIFIER = com.shveatamishra.gallerytransfer.iphone;
				PRODUCT_NAME = "$(TARGET_NAME)";
				SUPPORTED_PLATFORMS = "iphoneos iphonesimulator";
				SUPPORTS_MACCATALYST = NO;
				SUPPORTS_MAC_DESIGNED_FOR_IPHONE_IPAD = NO;
				SUPPORTS_XR_DESIGNED_FOR_IPHONE_IPAD = NO;
				SWIFT_STRICT_CONCURRENCY = minimal;
				SWIFT_VERSION = 5.0;
				TARGETED_DEVICE_FAMILY = 1;
			};
			name = Debug;
		};
		0B0000012D0C000900000004 /* Release */ = {
			isa = XCBuildConfiguration;
			buildSettings = {
				ASSETCATALOG_COMPILER_APPICON_NAME = AppIcon;
				CODE_SIGN_STYLE = Automatic;
				CURRENT_PROJECT_VERSION = 1;
				DEVELOPMENT_ASSET_PATHS = "";
				DEVELOPMENT_TEAM = 45QWJVLL5D;
				GENERATE_INFOPLIST_FILE = NO;
				INFOPLIST_FILE = Ferry/Info.plist;
				IPHONEOS_DEPLOYMENT_TARGET = 17.0;
				LD_RUNPATH_SEARCH_PATHS = (
					"$(inherited)",
					"@executable_path/Frameworks",
				);
				MARKETING_VERSION = 1.0;
				PRODUCT_BUNDLE_IDENTIFIER = com.shveatamishra.gallerytransfer.iphone;
				PRODUCT_NAME = "$(TARGET_NAME)";
				SUPPORTED_PLATFORMS = "iphoneos iphonesimulator";
				SUPPORTS_MACCATALYST = NO;
				SUPPORTS_MAC_DESIGNED_FOR_IPHONE_IPAD = NO;
				SUPPORTS_XR_DESIGNED_FOR_IPHONE_IPAD = NO;
				SWIFT_STRICT_CONCURRENCY = minimal;
				SWIFT_VERSION = 5.0;
				TARGETED_DEVICE_FAMILY = 1;
			};
			name = Release;
		};
/* End XCBuildConfiguration section */

/* Begin XCConfigurationList section */
		0B0000012D0C000800000001 /* Build configuration list for PBXProject "Ferry" */ = {
			isa = XCConfigurationList;
			buildConfigurations = (
				0B0000012D0C000900000001 /* Debug */,
				0B0000012D0C000900000002 /* Release */,
			);
			defaultConfigurationIsVisible = 0;
			defaultConfigurationName = Release;
		};
		0B0000012D0C000800000002 /* Build configuration list for PBXNativeTarget "Ferry" */ = {
			isa = XCConfigurationList;
			buildConfigurations = (
				0B0000012D0C000900000003 /* Debug */,
				0B0000012D0C000900000004 /* Release */,
			);
			defaultConfigurationIsVisible = 0;
			defaultConfigurationName = Release;
		};
/* End XCConfigurationList section */
	};
	rootObject = 0B0000012D0C000700000001 /* Project object */;
}
